lockfileVersion: '6.0'

settings:
  autoInstallPeers: true
  excludeLinksFromLockfile: false

dependencies:
  '@8n/on':
    specifier: ^0.0.1
    version: 0.0.1
  '@8p/title':
    specifier: ^0.0.1
    version: 0.0.1
  '@w5/pair':
    specifier: ^0.0.2
    version: 0.0.2
  '@w5/utf8':
    specifier: ^0.0.3
    version: 0.0.3

packages:

  /@8n/on@0.0.1:
    resolution: {integrity: sha512-7PNDqdfDpEcyNMBzbHkOtUAbQlsTCHmX0f3ftqtgnx7o8esdS43vDru7qjFwdtTGS0pXvt/CJVuJpK+JzmAGBw==}
    dev: false

  /@8p/title@0.0.1:
    resolution: {integrity: sha512-UKK+3BiMofecdmNeAxvRUWwlIhGHkpMdR7eUbQui7bj8uTKmtCjJs9pyxAPtPo28PQnuOKkl2d4au05nOEbljw==}
    dev: false

  /@w5/pair@0.0.2:
    resolution: {integrity: sha512-tNqFjRuzmnzCFjuP4eZZhi4R/bfa1cpYU8gOmkkzaLJDdEP4sJGrWEHtmJZWQbOV9Mlc9X/HPoFjP7n8qseuWg==}
    dev: false

  /@w5/utf8@0.0.3:
    resolution: {integrity: sha512-FYkLRJ++nxAVLAzsD953X/Yc7ln7QQeUD2UsbbmtEUDYQYK2kvA7vqqKgwjuMQFUqwJdYdcHx7qtP7IgMUdHsw==}
    dev: false
